
Microsoft Visual Studio Solution File, Format Version 12.00
# Visual Studio Version 17
VisualStudioVersion = 17.5.001.0
MinimumVisualStudioVersion = 10.0.40219.1
Project("{9A19103F-16F7-4668-BE54-9A1E7A4F7556}") = "teste 1", "teste 1.csproj", "{519BD54C-F393-4013-903C-9B6FA8839CC9}"
EndProject
Global
	GlobalSection(SolutionConfigurationPlatforms) = preSolution
		Debug|Any CPU = Debug|Any CPU
		Release|Any CPU = Release|Any CPU
	EndGlobalSection
	GlobalSection(ProjectConfigurationPlatforms) = postSolution
		{519BD54C-F393-4013-903C-9B6FA8839CC9}.Debug|Any CPU.ActiveCfg = Debug|Any CPU
		{519BD54C-F393-4013-903C-9B6FA8839CC9}.Debug|Any CPU.Build.0 = Debug|Any CPU
		{519BD54C-F393-4013-903C-9B6FA8839CC9}.Release|Any CPU.ActiveCfg = Release|Any CPU
		{519BD54C-F393-4013-903C-9B6FA8839CC9}.Release|Any CPU.Build.0 = Release|Any CPU
	EndGlobalSection
	GlobalSection(SolutionProperties) = preSolution
		HideSolutionNode = FALSE
	EndGlobalSection
	GlobalSection(ExtensibilityGlobals) = postSolution
		SolutionGuid = {84FE212E-09B8-4D8C-A409-219A272B181A}
	EndGlobalSection
EndGlobal
